
Microsoft Visual Studio Solution File, Format Version 12.00
# Visual Studio 2012
Project("{FAE04EC0-301F-11D3-BF4B-00C04F79EFBC}") = "HelloXamarin", "HelloXamarin\HelloXamarin.csproj", "{6F9360AF-0CAA-4F9A-A86E-C6A1F427A4D9}"
EndProject
Project("{FAE04EC0-301F-11D3-BF4B-00C04F79EFBC}") = "HelloXamarin.iOS", "iOS\HelloXamarin.iOS.csproj", "{7381A5AA-CDC2-4CCE-BD5A-346D1A39998C}"
EndProject
Project("{FAE04EC0-301F-11D3-BF4B-00C04F79EFBC}") = "HelloXamarin.Droid", "Droid\HelloXamarin.Droid.csproj", "{4BF07400-14B2-4C18-A7F7-C8C36A30B43F}"
EndProject
Project("{FAE04EC0-301F-11D3-BF4B-00C04F79EFBC}") = "HelloXamarin.UITests", "UITests\HelloXamarin.UITests.csproj", "{4885D7B5-BCFE-47D4-AF3F-46AA4814D7C2}"
EndProject
Global
	GlobalSection(SolutionConfigurationPlatforms) = preSolution
		Debug|Any CPU = Debug|Any CPU
		Release|Any CPU = Release|Any CPU
		Debug|iPhoneSimulator = Debug|iPhoneSimulator
		Release|iPhone = Release|iPhone
		Release|iPhoneSimulator = Release|iPhoneSimulator
		Debug|iPhone = Debug|iPhone
	EndGlobalSection
	GlobalSection(ProjectConfigurationPlatforms) = postSolution
		{6F9360AF-0CAA-4F9A-A86E-C6A1F427A4D9}.Debug|Any CPU.ActiveCfg = Debug|Any CPU
		{6F9360AF-0CAA-4F9A-A86E-C6A1F427A4D9}.Debug|Any CPU.Build.0 = Debug|Any CPU
		{6F9360AF-0CAA-4F9A-A86E-C6A1F427A4D9}.Release|Any CPU.ActiveCfg = Release|Any CPU
		{6F9360AF-0CAA-4F9A-A86E-C6A1F427A4D9}.Release|Any CPU.Build.0 = Release|Any CPU
		{6F9360AF-0CAA-4F9A-A86E-C6A1F427A4D9}.Debug|iPhoneSimulator.ActiveCfg = Debug|Any CPU
		{6F9360AF-0CAA-4F9A-A86E-C6A1F427A4D9}.Debug|iPhoneSimulator.Build.0 = Debug|Any CPU
		{6F9360AF-0CAA-4F9A-A86E-C6A1F427A4D9}.Release|iPhone.ActiveCfg = Release|Any CPU
		{6F9360AF-0CAA-4F9A-A86E-C6A1F427A4D9}.Release|iPhone.Build.0 = Release|Any CPU
		{6F9360AF-0CAA-4F9A-A86E-C6A1F427A4D9}.Release|iPhoneSimulator.ActiveCfg = Release|Any CPU
		{6F9360AF-0CAA-4F9A-A86E-C6A1F427A4D9}.Release|iPhoneSimulator.Build.0 = Release|Any CPU
		{6F9360AF-0CAA-4F9A-A86E-C6A1F427A4D9}.Debug|iPhone.ActiveCfg = Debug|Any CPU
		{6F9360AF-0CAA-4F9A-A86E-C6A1F427A4D9}.Debug|iPhone.Build.0 = Debug|Any CPU
		{7381A5AA-CDC2-4CCE-BD5A-346D1A39998C}.Debug|Any CPU.ActiveCfg = Debug|iPhoneSimulator
		{7381A5AA-CDC2-4CCE-BD5A-346D1A39998C}.Debug|Any CPU.Build.0 = Debug|iPhoneSimulator
		{7381A5AA-CDC2-4CCE-BD5A-346D1A39998C}.Release|Any CPU.ActiveCfg = Release|iPhone
		{7381A5AA-CDC2-4CCE-BD5A-346D1A39998C}.Release|Any CPU.Build.0 = Release|iPhone
		{7381A5AA-CDC2-4CCE-BD5A-346D1A39998C}.Debug|iPhoneSimulator.ActiveCfg = Debug|iPhoneSimulator
		{7381A5AA-CDC2-4CCE-BD5A-346D1A39998C}.Debug|iPhoneSimulator.Build.0 = Debug|iPhoneSimulator
		{7381A5AA-CDC2-4CCE-BD5A-346D1A39998C}.Release|iPhone.ActiveCfg = Release|iPhone
		{7381A5AA-CDC2-4CCE-BD5A-346D1A39998C}.Release|iPhone.Build.0 = Release|iPhone
		{7381A5AA-CDC2-4CCE-BD5A-346D1A39998C}.Release|iPhoneSimulator.ActiveCfg = Release|iPhoneSimulator
		{7381A5AA-CDC2-4CCE-BD5A-346D1A39998C}.Release|iPhoneSimulator.Build.0 = Release|iPhoneSimulator
		{7381A5AA-CDC2-4CCE-BD5A-346D1A39998C}.Debug|iPhone.ActiveCfg = Debug|iPhone
		{7381A5AA-CDC2-4CCE-BD5A-346D1A39998C}.Debug|iPhone.Build.0 = Debug|iPhone
		{4BF07400-14B2-4C18-A7F7-C8C36A30B43F}.Debug|Any CPU.ActiveCfg = Debug|Any CPU
		{4BF07400-14B2-4C18-A7F7-C8C36A30B43F}.Debug|Any CPU.Build.0 = Debug|Any CPU
		{4BF07400-14B2-4C18-A7F7-C8C36A30B43F}.Release|Any CPU.ActiveCfg = Release|Any CPU
		{4BF07400-14B2-4C18-A7F7-C8C36A30B43F}.Release|Any CPU.Build.0 = Release|Any CPU
		{4BF07400-14B2-4C18-A7F7-C8C36A30B43F}.Debug|iPhoneSimulator.ActiveCfg = Debug|Any CPU
		{4BF07400-14B2-4C18-A7F7-C8C36A30B43F}.Debug|iPhoneSimulator.Build.0 = Debug|Any CPU
		{4BF07400-14B2-4C18-A7F7-C8C36A30B43F}.Release|iPhone.ActiveCfg = Release|Any CPU
		{4BF07400-14B2-4C18-A7F7-C8C36A30B43F}.Release|iPhone.Build.0 = Release|Any CPU
		{4BF07400-14B2-4C18-A7F7-C8C36A30B43F}.Release|iPhoneSimulator.ActiveCfg = Release|Any CPU
		{4BF07400-14B2-4C18-A7F7-C8C36A30B43F}.Release|iPhoneSimulator.Build.0 = Release|Any CPU
		{4BF07400-14B2-4C18-A7F7-C8C36A30B43F}.Debug|iPhone.ActiveCfg = Debug|Any CPU
		{4BF07400-14B2-4C18-A7F7-C8C36A30B43F}.Debug|iPhone.Build.0 = Debug|Any CPU
		{4885D7B5-BCFE-47D4-AF3F-46AA4814D7C2}.Debug|Any CPU.ActiveCfg = Debug|Any CPU
		{4885D7B5-BCFE-47D4-AF3F-46AA4814D7C2}.Debug|Any CPU.Build.0 = Debug|Any CPU
		{4885D7B5-BCFE-47D4-AF3F-46AA4814D7C2}.Release|Any CPU.ActiveCfg = Release|Any CPU
		{4885D7B5-BCFE-47D4-AF3F-46AA4814D7C2}.Release|Any CPU.Build.0 = Release|Any CPU
		{4885D7B5-BCFE-47D4-AF3F-46AA4814D7C2}.Debug|iPhoneSimulator.ActiveCfg = Debug|Any CPU
		{4885D7B5-BCFE-47D4-AF3F-46AA4814D7C2}.Debug|iPhoneSimulator.Build.0 = Debug|Any CPU
		{4885D7B5-BCFE-47D4-AF3F-46AA4814D7C2}.Release|iPhone.ActiveCfg = Release|Any CPU
		{4885D7B5-BCFE-47D4-AF3F-46AA4814D7C2}.Release|iPhone.Build.0 = Release|Any CPU
		{4885D7B5-BCFE-47D4-AF3F-46AA4814D7C2}.Release|iPhoneSimulator.ActiveCfg = Release|Any CPU
		{4885D7B5-BCFE-47D4-AF3F-46AA4814D7C2}.Release|iPhoneSimulator.Build.0 = Release|Any CPU
		{4885D7B5-BCFE-47D4-AF3F-46AA4814D7C2}.Debug|iPhone.ActiveCfg = Debug|Any CPU
		{4885D7B5-BCFE-47D4-AF3F-46AA4814D7C2}.Debug|iPhone.Build.0 = Debug|Any CPU
	EndGlobalSection
EndGlobal
